
Microsoft Visual Studio Solution File, Format Version 12.00
# Visual Studio Version 17
VisualStudioVersion = 17.4.33213.308
MinimumVisualStudioVersion = 10.0.40219.1
Project("{FAE04EC0-301F-11D3-BF4B-00C04F79EFBC}") = "EX1", "EX1\EX1.csproj", "{4743984E-203D-41F7-9ABC-943F47DC5584}"
EndProject
Project("{FAE04EC0-301F-11D3-BF4B-00C04F79EFBC}") = "EX2", "EX2\EX2.csproj", "{12AEEB3A-718E-4918-9021-35A833DDBC15}"
EndProject
Project("{FAE04EC0-301F-11D3-BF4B-00C04F79EFBC}") = "EX3", "EX3\EX3.csproj", "{207C50FC-9AE1-49B9-B254-9E7402E7DE1F}"
EndProject
Project("{FAE04EC0-301F-11D3-BF4B-00C04F79EFBC}") = "EX4", "EX4\EX4.csproj", "{A48C43E9-2129-4BBC-ACF5-EC7267384754}"
EndProject
Project("{FAE04EC0-301F-11D3-BF4B-00C04F79EFBC}") = "EX5", "EX5\EX5.csproj", "{F74BC690-AC09-4A6A-A5A6-8C0ED02D4340}"
EndProject
Global
	GlobalSection(SolutionConfigurationPlatforms) = preSolution
		Debug|Any CPU = Debug|Any CPU
		Release|Any CPU = Release|Any CPU
	EndGlobalSection
	GlobalSection(ProjectConfigurationPlatforms) = postSolution
		{4743984E-203D-41F7-9ABC-943F47DC5584}.Debug|Any CPU.ActiveCfg = Debug|Any CPU
		{4743984E-203D-41F7-9ABC-943F47DC5584}.Debug|Any CPU.Build.0 = Debug|Any CPU
		{4743984E-203D-41F7-9ABC-943F47DC5584}.Release|Any CPU.ActiveCfg = Release|Any CPU
		{4743984E-203D-41F7-9ABC-943F47DC5584}.Release|Any CPU.Build.0 = Release|Any CPU
		{12AEEB3A-718E-4918-9021-35A833DDBC15}.Debug|Any CPU.ActiveCfg = Debug|Any CPU
		{12AEEB3A-718E-4918-9021-35A833DDBC15}.Debug|Any CPU.Build.0 = Debug|Any CPU
		{12AEEB3A-718E-4918-9021-35A833DDBC15}.Release|Any CPU.ActiveCfg = Release|Any CPU
		{12AEEB3A-718E-4918-9021-35A833DDBC15}.Release|Any CPU.Build.0 = Release|Any CPU
		{207C50FC-9AE1-49B9-B254-9E7402E7DE1F}.Debug|Any CPU.ActiveCfg = Debug|Any CPU
		{207C50FC-9AE1-49B9-B254-9E7402E7DE1F}.Debug|Any CPU.Build.0 = Debug|Any CPU
		{207C50FC-9AE1-49B9-B254-9E7402E7DE1F}.Release|Any CPU.ActiveCfg = Release|Any CPU
		{207C50FC-9AE1-49B9-B254-9E7402E7DE1F}.Release|Any CPU.Build.0 = Release|Any CPU
		{A48C43E9-2129-4BBC-ACF5-EC7267384754}.Debug|Any CPU.ActiveCfg = Debug|Any CPU
		{A48C43E9-2129-4BBC-ACF5-EC7267384754}.Debug|Any CPU.Build.0 = Debug|Any CPU
		{A48C43E9-2129-4BBC-ACF5-EC7267384754}.Release|Any CPU.ActiveCfg = Release|Any CPU
		{A48C43E9-2129-4BBC-ACF5-EC7267384754}.Release|Any CPU.Build.0 = Release|Any CPU
		{F74BC690-AC09-4A6A-A5A6-8C0ED02D4340}.Debug|Any CPU.ActiveCfg = Debug|Any CPU
		{F74BC690-AC09-4A6A-A5A6-8C0ED02D4340}.Debug|Any CPU.Build.0 = Debug|Any CPU
		{F74BC690-AC09-4A6A-A5A6-8C0ED02D4340}.Release|Any CPU.ActiveCfg = Release|Any CPU
		{F74BC690-AC09-4A6A-A5A6-8C0ED02D4340}.Release|Any CPU.Build.0 = Release|Any CPU
	EndGlobalSection
	GlobalSection(SolutionProperties) = preSolution
		HideSolutionNode = FALSE
	EndGlobalSection
	GlobalSection(ExtensibilityGlobals) = postSolution
		SolutionGuid = {F5A323A5-B4E0-4000-A720-EB2AF9796E6D}
	EndGlobalSection
EndGlobal
